
Microsoft Visual Studio Solution File, Format Version 12.00
# Visual Studio Version 17
VisualStudioVersion = 17.9.34728.123
MinimumVisualStudioVersion = 10.0.40219.1
Project("{FAE04EC0-301F-11D3-BF4B-00C04F79EFBC}") = "KoiShipping.API", "KoiShipping.API\KoiShipping.API.csproj", "{CAF70B63-DE61-4EC8-8389-860438E4DAE1}"
EndProject
Project("{FAE04EC0-301F-11D3-BF4B-00C04F79EFBC}") = "KoiShipping.Repo", "KoiShipping.Repo\KoiShipping.Repo.csproj", "{4816870A-CEC1-4BEB-A16F-82F9CC2EA2D7}"
EndProject
Global
	GlobalSection(SolutionConfigurationPlatforms) = preSolution
		Debug|Any CPU = Debug|Any CPU
		Release|Any CPU = Release|Any CPU
	EndGlobalSection
	GlobalSection(ProjectConfigurationPlatforms) = postSolution
		{CAF70B63-DE61-4EC8-8389-860438E4DAE1}.Debug|Any CPU.ActiveCfg = Debug|Any CPU
		{CAF70B63-DE61-4EC8-8389-860438E4DAE1}.Debug|Any CPU.Build.0 = Debug|Any CPU
		{CAF70B63-DE61-4EC8-8389-860438E4DAE1}.Release|Any CPU.ActiveCfg = Release|Any CPU
		{CAF70B63-DE61-4EC8-8389-860438E4DAE1}.Release|Any CPU.Build.0 = Release|Any CPU
		{4816870A-CEC1-4BEB-A16F-82F9CC2EA2D7}.Debug|Any CPU.ActiveCfg = Debug|Any CPU
		{4816870A-CEC1-4BEB-A16F-82F9CC2EA2D7}.Debug|Any CPU.Build.0 = Debug|Any CPU
		{4816870A-CEC1-4BEB-A16F-82F9CC2EA2D7}.Release|Any CPU.ActiveCfg = Release|Any CPU
		{4816870A-CEC1-4BEB-A16F-82F9CC2EA2D7}.Release|Any CPU.Build.0 = Release|Any CPU
	EndGlobalSection
	GlobalSection(SolutionProperties) = preSolution
		HideSolutionNode = FALSE
	EndGlobalSection
	GlobalSection(ExtensibilityGlobals) = postSolution
		SolutionGuid = {1BF66D86-22D0-4226-A25A-296985C1FCE4}
	EndGlobalSection
EndGlobal
